# generated by rye
# use `rye lock` or `rye sync` to update this lockfile
#
# last locked with the following flags:
#   pre: false
#   features: []
#   all-features: false
#   with-sources: false
#   generate-hashes: false
#   universal: true

-e file:.
mypy==1.11.1
mypy-extensions==1.0.0
    # via mypy
python-telegram @ git+https://github.com/alexander-akhmetov/python-telegram@4a875e0beca9fc7f8a7d9c016cb3fd9b534ab1b3
    # via tg
telegram-text==0.2.0
    # via python-telegram
typing-extensions==4.12.2
    # via mypy
