# generated by rye
# use `rye lock` or `rye sync` to update this lockfile
#
# last locked with the following flags:
#   pre: false
#   features: []
#   all-features: false
#   with-sources: false
#   generate-hashes: false
#   universal: true

-e file:.
python-telegram @ git+https://github.com/alexander-akhmetov/python-telegram@d8c314ff4a9e66ae99ca553a3ccb344a2e0e5aaa
    # via tg
telegram-text==0.2.0
    # via python-telegram
wcwidth==0.2.13
    # via tg
